// !$*UTF8*$!
{
	archiveVersion = 1;
	classes = {
	};
	objectVersion = 50;
	objects = {

/* Begin PBXBuildFile section */
		56EF682D251C040100F81D95 /* AppDelegate.swift in Sources */ = {isa = PBXBuildFile; fileRef = 56EF682C251C040100F81D95 /* AppDelegate.swift */; };
		56EF682F251C040100F81D95 /* SceneDelegate.swift in Sources */ = {isa = PBXBuildFile; fileRef = 56EF682E251C040100F81D95 /* SceneDelegate.swift */; };
		56EF6831251C040100F81D95 /* FirstVC.swift in Sources */ = {isa = PBXBuildFile; fileRef = 56EF6830251C040100F81D95 /* FirstVC.swift */; };
		56EF6834251C040100F81D95 /* Main.storyboard in Resources */ = {isa = PBXBuildFile; fileRef = 56EF6832251C040100F81D95 /* Main.storyboard */; };
		56EF6836251C043900F81D95 /* Assets.xcassets in Resources */ = {isa = PBXBuildFile; fileRef = 56EF6835251C043900F81D95 /* Assets.xcassets */; };
		56EF6839251C043A00F81D95 /* LaunchScreen.storyboard in Resources */ = {isa = PBXBuildFile; fileRef = 56EF6837251C043A00F81D95 /* LaunchScreen.storyboard */; };
		56EF6841251C12BB00F81D95 /* SecondVC.swift in Sources */ = {isa = PBXBuildFile; fileRef = 56EF6840251C12BB00F81D95 /* SecondVC.swift */; };
		56EF684A251EB31B00F81D95 /* DetailVC.swift in Sources */ = {isa = PBXBuildFile; fileRef = 56EF6849251EB31B00F81D95 /* DetailVC.swift */; };
/* End PBXBuildFile section */

/* Begin PBXFileReference section */
		56EF6829251C040100F81D95 /* transicao.app */ = {isa = PBXFileReference; explicitFileType = wrapper.application; includeInIndex = 0; path = transicao.app; sourceTree = BUILT_PRODUCTS_DIR; };
		56EF682C251C040100F81D95 /* AppDelegate.swift */ = {isa = PBXFileReference; lastKnownFileType = sourcecode.swift; path = AppDelegate.swift; sourceTree = "<group>"; };
		56EF682E251C040100F81D95 /* SceneDelegate.swift */ = {isa = PBXFileReference; lastKnownFileType = sourcecode.swift; path = SceneDelegate.swift; sourceTree = "<group>"; };
		56EF6830251C040100F81D95 /* FirstVC.swift */ = {isa = PBXFileReference; lastKnownFileType = sourcecode.swift; path = FirstVC.swift; sourceTree = "<group>"; };
		56EF6833251C040100F81D95 /* Base */ = {isa = PBXFileReference; lastKnownFileType = file.storyboard; name = Base; path = Base.lproj/Main.storyboard; sourceTree = "<group>"; };
		56EF6835251C043900F81D95 /* Assets.xcassets */ = {isa = PBXFileReference; lastKnownFileType = folder.assetcatalog; path = Assets.xcassets; sourceTree = "<group>"; };
		56EF6838251C043A00F81D95 /* Base */ = {isa = PBXFileReference; lastKnownFileType = file.storyboard; name = Base; path = Base.lproj/LaunchScreen.storyboard; sourceTree = "<group>"; };
		56EF683A251C043A00F81D95 /* Info.plist */ = {isa = PBXFileReference; lastKnownFileType = text.plist.xml; path = Info.plist; sourceTree = "<group>"; };
		56EF6840251C12BB00F81D95 /* SecondVC.swift */ = {isa = PBXFileReference; lastKnownFileType = sourcecode.swift; path = SecondVC.swift; sourceTree = "<group>"; };
		56EF6849251EB31B00F81D95 /* DetailVC.swift */ = {isa = PBXFileReference; lastKnownFileType = sourcecode.swift; path = DetailVC.swift; sourceTree = "<group>"; };
/* End PBXFileReference section */

/* Begin PBXFrameworksBuildPhase section */
		56EF6826251C040100F81D95 /* Frameworks */ = {
			isa = PBXFrameworksBuildPhase;
			buildActionMask = 2147483647;
			files = (
			);
			runOnlyForDeploymentPostprocessing = 0;
		};
/* End PBXFrameworksBuildPhase section */

/* Begin PBXGroup section */
		56EF6820251C040100F81D95 = {
			isa = PBXGroup;
			children = (
				56EF682B251C040100F81D95 /* transicao */,
				56EF682A251C040100F81D95 /* Products */,
			);
			sourceTree = "<group>";
		};
		56EF682A251C040100F81D95 /* Products */ = {
			isa = PBXGroup;
			children = (
				56EF6829251C040100F81D95 /* transicao.app */,
			);
			name = Products;
			sourceTree = "<group>";
		};
		56EF682B251C040100F81D95 /* transicao */ = {
			isa = PBXGroup;
			children = (
				56EF6842251C13FE00F81D95 /* Views */,
				56EF682C251C040100F81D95 /* AppDelegate.swift */,
				56EF682E251C040100F81D95 /* SceneDelegate.swift */,
				56EF6832251C040100F81D95 /* Main.storyboard */,
				56EF6835251C043900F81D95 /* Assets.xcassets */,
				56EF6837251C043A00F81D95 /* LaunchScreen.storyboard */,
				56EF683A251C043A00F81D95 /* Info.plist */,
			);
			path = transicao;
			sourceTree = "<group>";
		};
		56EF6842251C13FE00F81D95 /* Views */ = {
			isa = PBXGroup;
			children = (
				56EF6830251C040100F81D95 /* FirstVC.swift */,
				56EF6840251C12BB00F81D95 /* SecondVC.swift */,
				56EF6849251EB31B00F81D95 /* DetailVC.swift */,
			);
			path = Views;
			sourceTree = "<group>";
		};
/* End PBXGroup section */

/* Begin PBXNativeTarget section */
		56EF6828251C040100F81D95 /* transicao */ = {
			isa = PBXNativeTarget;
			buildConfigurationList = 56EF683D251C043A00F81D95 /* Build configuration list for PBXNativeTarget "transicao" */;
			buildPhases = (
				56EF6825251C040100F81D95 /* Sources */,
				56EF6826251C040100F81D95 /* Frameworks */,
				56EF6827251C040100F81D95 /* Resources */,
			);
			buildRules = (
			);
			dependencies = (
			);
			name = transicao;
			productName = transicao;
			productReference = 56EF6829251C040100F81D95 /* transicao.app */;
			productType = "com.apple.product-type.application";
		};
/* End PBXNativeTarget section */

/* Begin PBXProject section */
		56EF6821251C040100F81D95 /* Project object */ = {
			isa = PBXProject;
			attributes = {
				LastSwiftUpdateCheck = 1170;
				LastUpgradeCheck = 1170;
				ORGANIZATIONNAME = "Vanessa Montagner";
				TargetAttributes = {
					56EF6828251C040100F81D95 = {
						CreatedOnToolsVersion = 11.7;
					};
				};
			};
			buildConfigurationList = 56EF6824251C040100F81D95 /* Build configuration list for PBXProject "transicao" */;
			compatibilityVersion = "Xcode 9.3";
			developmentRegion = en;
			hasScannedForEncodings = 0;
			knownRegions = (
				en,
				Base,
			);
			mainGroup = 56EF6820251C040100F81D95;
			productRefGroup = 56EF682A251C040100F81D95 /* Products */;
			projectDirPath = "";
			projectRoot = "";
			targets = (
				56EF6828251C040100F81D95 /* transicao */,
			);
		};
/* End PBXProject section */

/* Begin PBXResourcesBuildPhase section */
		56EF6827251C040100F81D95 /* Resources */ = {
			isa = PBXResourcesBuildPhase;
			buildActionMask = 2147483647;
			files = (
				56EF6839251C043A00F81D95 /* LaunchScreen.storyboard in Resources */,
				56EF6836251C043900F81D95 /* Assets.xcassets in Resources */,
				56EF6834251C040100F81D95 /* Main.storyboard in Resources */,
			);
			runOnlyForDeploymentPostprocessing = 0;
		};
/* End PBXResourcesBuildPhase section */

/* Begin PBXSourcesBuildPhase section */
		56EF6825251C040100F81D95 /* Sources */ = {
			isa = PBXSourcesBuildPhase;
			buildActionMask = 2147483647;
			files = (
				56EF684A251EB31B00F81D95 /* DetailVC.swift in Sources */,
				56EF6831251C040100F81D95 /* FirstVC.swift in Sources */,
				56EF682D251C040100F81D95 /* AppDelegate.swift in Sources */,
				56EF6841251C12BB00F81D95 /* SecondVC.swift in Sources */,
				56EF682F251C040100F81D95 /* SceneDelegate.swift in Sources */,
			);
			runOnlyForDeploymentPostprocessing = 0;
		};
/* End PBXSourcesBuildPhase section */

/* Begin PBXVariantGroup section */
		56EF6832251C040100F81D95 /* Main.storyboard */ = {
			isa = PBXVariantGroup;
			children = (
				56EF6833251C040100F81D95 /* Base */,
			);
			name = Main.storyboard;
			sourceTree = "<group>";
		};
		56EF6837251C043A00F81D95 /* LaunchScreen.storyboard */ = {
			isa = PBXVariantGroup;
			children = (
				56EF6838251C043A00F81D95 /* Base */,
			);
			name = LaunchScreen.storyboard;
			sourceTree = "<group>";
		};
/* End PBXVariantGroup section */

/* Begin XCBuildConfiguration section */
		56EF683B251C043A00F81D95 /* Debug */ = {
			isa = XCBuildConfiguration;
			buildSettings = {
				ALWAYS_SEARCH_USER_PATHS = NO;
				CLANG_ANALYZER_NONNULL = YES;
				CLANG_ANALYZER_NUMBER_OBJECT_CONVERSION = YES_AGGRESSIVE;
				CLANG_CXX_LANGUAGE_STANDARD = "gnu++14";
				CLANG_CXX_LIBRARY = "libc++";
				CLANG_ENABLE_MODULES = YES;
				CLANG_ENABLE_OBJC_ARC = YES;
				CLANG_ENABLE_OBJC_WEAK = YES;
				CLANG_WARN_BLOCK_CAPTURE_AUTORELEASING = YES;
				CLANG_WARN_BOOL_CONVERSION = YES;
				CLANG_WARN_COMMA = YES;
				CLANG_WARN_CONSTANT_CONVERSION = YES;
				CLANG_WARN_DEPRECATED_OBJC_IMPLEMENTATIONS = YES;
				CLANG_WARN_DIRECT_OBJC_ISA_USAGE = YES_ERROR;
				CLANG_WARN_DOCUMENTATION_COMMENTS = YES;
				CLANG_WARN_EMPTY_BODY = YES;
				CLANG_WARN_ENUM_CONVERSION = YES;
				CLANG_WARN_INFINITE_RECURSION = YES;
				CLANG_WARN_INT_CONVERSION = YES;
				CLANG_WARN_NON_LITERAL_NULL_CONVERSION = YES;
				CLANG_WARN_OBJC_IMPLICIT_RETAIN_SELF = YES;
				CLANG_WARN_OBJC_LITERAL_CONVERSION = YES;
				CLANG_WARN_OBJC_ROOT_CLASS = YES_ERROR;
				CLANG_WARN_RANGE_LOOP_ANALYSIS = YES;
				CLANG_WARN_STRICT_PROTOTYPES = YES;
				CLANG_WARN_SUSPICIOUS_MOVE = YES;
				CLANG_WARN_UNGUARDED_AVAILABILITY = YES_AGGRESSIVE;
				CLANG_WARN_UNREACHABLE_CODE = YES;
				CLANG_WARN__DUPLICATE_METHOD_MATCH = YES;
				COPY_PHASE_STRIP = NO;
				DEBUG_INFORMATION_FORMAT = dwarf;
				ENABLE_STRICT_OBJC_MSGSEND = YES;
				ENABLE_TESTABILITY = YES;
				GCC_C_LANGUAGE_STANDARD = gnu11;
				GCC_DYNAMIC_NO_PIC = NO;
				GCC_NO_COMMON_BLOCKS = YES;
				GCC_OPTIMIZATION_LEVEL = 0;
				GCC_PREPROCESSOR_DEFINITIONS = (
					"DEBUG=1",
					"$(inherited)",
				);
				GCC_WARN_64_TO_32_BIT_CONVERSION = YES;
				GCC_WARN_ABOUT_RETURN_TYPE = YES_ERROR;
				GCC_WARN_UNDECLARED_SELECTOR = YES;
				GCC_WARN_UNINITIALIZED_AUTOS = YES_AGGRESSIVE;
				GCC_WARN_UNUSED_FUNCTION = YES;
				GCC_WARN_UNUSED_VARIABLE = YES;
				IPHONEOS_DEPLOYMENT_TARGET = 13.7;
				MTL_ENABLE_DEBUG_INFO = INCLUDE_SOURCE;
				MTL_FAST_MATH = YES;
				ONLY_ACTIVE_ARCH = YES;
				SDKROOT = iphoneos;
				SWIFT_ACTIVE_COMPILATION_CONDITIONS = DEBUG;
				SWIFT_OPTIMIZATION_LEVEL = "-Onone";
			};
			name = Debug;
		};
		56EF683C251C043A00F81D95 /* Release */ = {
			isa = XCBuildConfiguration;
			buildSettings = {
				ALWAYS_SEARCH_USER_PATHS = NO;
				CLANG_ANALYZER_NONNULL = YES;
				CLANG_ANALYZER_NUMBER_OBJECT_CONVERSION = YES_AGGRESSIVE;
				CLANG_CXX_LANGUAGE_STANDARD = "gnu++14";
				CLANG_CXX_LIBRARY = "libc++";
				CLANG_ENABLE_MODULES = YES;
				CLANG_ENABLE_OBJC_ARC = YES;
				CLANG_ENABLE_OBJC_WEAK = YES;
				CLANG_WARN_BLOCK_CAPTURE_AUTORELEASING = YES;
				CLANG_WARN_BOOL_CONVERSION = YES;
				CLANG_WARN_COMMA = YES;
				CLANG_WARN_CONSTANT_CONVERSION = YES;
				CLANG_WARN_DEPRECATED_OBJC_IMPLEMENTATIONS = YES;
				CLANG_WARN_DIRECT_OBJC_ISA_USAGE = YES_ERROR;
				CLANG_WARN_DOCUMENTATION_COMMENTS = YES;
				CLANG_WARN_EMPTY_BODY = YES;
				CLANG_WARN_ENUM_CONVERSION = YES;
				CLANG_WARN_INFINITE_RECURSION = YES;
				CLANG_WARN_INT_CONVERSION = YES;
				CLANG_WARN_NON_LITERAL_NULL_CONVERSION = YES;
				CLANG_WARN_OBJC_IMPLICIT_RETAIN_SELF = YES;
				CLANG_WARN_OBJC_LITERAL_CONVERSION = YES;
				CLANG_WARN_OBJC_ROOT_CLASS = YES_ERROR;
				CLANG_WARN_RANGE_LOOP_ANALYSIS = YES;
				CLANG_WARN_STRICT_PROTOTYPES = YES;
				CLANG_WARN_SUSPICIOUS_MOVE = YES;
				CLANG_WARN_UNGUARDED_AVAILABILITY = YES_AGGRESSIVE;
				CLANG_WARN_UNREACHABLE_CODE = YES;
				CLANG_WARN__DUPLICATE_METHOD_MATCH = YES;
				COPY_PHASE_STRIP = NO;
				DEBUG_INFORMATION_FORMAT = "dwarf-with-dsym";
				ENABLE_NS_ASSERTIONS = NO;
				ENABLE_STRICT_OBJC_MSGSEND = YES;
				GCC_C_LANGUAGE_STANDARD = gnu11;
				GCC_NO_COMMON_BLOCKS = YES;
				GCC_WARN_64_TO_32_BIT_CONVERSION = YES;
				GCC_WARN_ABOUT_RETURN_TYPE = YES_ERROR;
				GCC_WARN_UNDECLARED_SELECTOR = YES;
				GCC_WARN_UNINITIALIZED_AUTOS = YES_AGGRESSIVE;
				GCC_WARN_UNUSED_FUNCTION = YES;
				GCC_WARN_UNUSED_VARIABLE = YES;
				IPHONEOS_DEPLOYMENT_TARGET = 13.7;
				MTL_ENABLE_DEBUG_INFO = NO;
				MTL_FAST_MATH = YES;
				SDKROOT = iphoneos;
				SWIFT_COMPILATION_MODE = wholemodule;
				SWIFT_OPTIMIZATION_LEVEL = "-O";
				VALIDATE_PRODUCT = YES;
			};
			name = Release;
		};
		56EF683E251C043A00F81D95 /* Debug */ = {
			isa = XCBuildConfiguration;
			buildSettings = {
				ASSETCATALOG_COMPILER_APPICON_NAME = AppIcon;
				CODE_SIGN_STYLE = Automatic;
				DEVELOPMENT_TEAM = S2YWV67Z3T;
				INFOPLIST_FILE = transicao/Info.plist;
				LD_RUNPATH_SEARCH_PATHS = (
					"$(inherited)",
					"@executable_path/Frameworks",
				);
				PRODUCT_BUNDLE_IDENTIFIER = "Vanessa-Montagner.transicao";
				PRODUCT_NAME = "$(TARGET_NAME)";
				SWIFT_VERSION = 5.0;
				TARGETED_DEVICE_FAMILY = "1,2";
			};
			name = Debug;
		};
		56EF683F251C043A00F81D95 /* Release */ = {
			isa = XCBuildConfiguration;
			buildSettings = {
				ASSETCATALOG_COMPILER_APPICON_NAME = AppIcon;
				CODE_SIGN_STYLE = Automatic;
				DEVELOPMENT_TEAM = S2YWV67Z3T;
				INFOPLIST_FILE = transicao/Info.plist;
				LD_RUNPATH_SEARCH_PATHS = (
					"$(inherited)",
					"@executable_path/Frameworks",
				);
				PRODUCT_BUNDLE_IDENTIFIER = "Vanessa-Montagner.transicao";
				PRODUCT_NAME = "$(TARGET_NAME)";
				SWIFT_VERSION = 5.0;
				TARGETED_DEVICE_FAMILY = "1,2";
			};
			name = Release;
		};
/* End XCBuildConfiguration section */

/* Begin XCConfigurationList section */
		56EF6824251C040100F81D95 /* Build configuration list for PBXProject "transicao" */ = {
			isa = XCConfigurationList;
			buildConfigurations = (
				56EF683B251C043A00F81D95 /* Debug */,
				56EF683C251C043A00F81D95 /* Release */,
			);
			defaultConfigurationIsVisible = 0;
			defaultConfigurationName = Release;
		};
		56EF683D251C043A00F81D95 /* Build configuration list for PBXNativeTarget "transicao" */ = {
			isa = XCConfigurationList;
			buildConfigurations = (
				56EF683E251C043A00F81D95 /* Debug */,
				56EF683F251C043A00F81D95 /* Release */,
			);
			defaultConfigurationIsVisible = 0;
			defaultConfigurationName = Release;
		};
/* End XCConfigurationList section */
	};
	rootObject = 56EF6821251C040100F81D95 /* Project object */;
}
